
Microsoft Visual Studio Solution File, Format Version 12.00
# Visual Studio Version 17
VisualStudioVersion = 17.5.33516.290
MinimumVisualStudioVersion = 10.0.40219.1
Project("{FAE04EC0-301F-11D3-BF4B-00C04F79EFBC}") = "Proyecto1UI", "Proyecto1UI\Proyecto1UI.csproj", "{E3897514-278A-418D-8F14-76F29C309744}"
EndProject
Global
	GlobalSection(SolutionConfigurationPlatforms) = preSolution
		Debug|Any CPU = Debug|Any CPU
		Release|Any CPU = Release|Any CPU
	EndGlobalSection
	GlobalSection(ProjectConfigurationPlatforms) = postSolution
		{E3897514-278A-418D-8F14-76F29C309744}.Debug|Any CPU.ActiveCfg = Debug|Any CPU
		{E3897514-278A-418D-8F14-76F29C309744}.Debug|Any CPU.Build.0 = Debug|Any CPU
		{E3897514-278A-418D-8F14-76F29C309744}.Release|Any CPU.ActiveCfg = Release|Any CPU
		{E3897514-278A-418D-8F14-76F29C309744}.Release|Any CPU.Build.0 = Release|Any CPU
	EndGlobalSection
	GlobalSection(SolutionProperties) = preSolution
		HideSolutionNode = FALSE
	EndGlobalSection
	GlobalSection(ExtensibilityGlobals) = postSolution
		SolutionGuid = {4FAEA3FD-3F71-453C-811E-76430260B063}
	EndGlobalSection
EndGlobal
